
Microsoft Visual Studio Solution File, Format Version 12.00
# Visual Studio 15
VisualStudioVersion = 15.0.27703.2047
MinimumVisualStudioVersion = 10.0.40219.1
Project("{FAE04EC0-301F-11D3-BF4B-00C04F79EFBC}") = "connect4 v4", "connect4 v4\connect4 v4.csproj", "{11795E15-BAB8-4A99-8745-E54B0FF09734}"
EndProject
Global
	GlobalSection(SolutionConfigurationPlatforms) = preSolution
		Debug|Any CPU = Debug|Any CPU
		Release|Any CPU = Release|Any CPU
	EndGlobalSection
	GlobalSection(ProjectConfigurationPlatforms) = postSolution
		{11795E15-BAB8-4A99-8745-E54B0FF09734}.Debug|Any CPU.ActiveCfg = Debug|Any CPU
		{11795E15-BAB8-4A99-8745-E54B0FF09734}.Debug|Any CPU.Build.0 = Debug|Any CPU
		{11795E15-BAB8-4A99-8745-E54B0FF09734}.Release|Any CPU.ActiveCfg = Release|Any CPU
		{11795E15-BAB8-4A99-8745-E54B0FF09734}.Release|Any CPU.Build.0 = Release|Any CPU
	EndGlobalSection
	GlobalSection(SolutionProperties) = preSolution
		HideSolutionNode = FALSE
	EndGlobalSection
	GlobalSection(ExtensibilityGlobals) = postSolution
		SolutionGuid = {A0C8A185-09B8-479E-B27A-BD34B5EAC0A5}
	EndGlobalSection
EndGlobal
